<?xml version="1.0" encoding="utf-8"?>
<Project ToolsVersion="4.0" xmlns="http://schemas.microsoft.com/developer/msbuild/2003">
  <ItemGroup>
    <ClCompile Include="Main.cpp" />
    <ClCompile Include="OpenGLWindow.cpp" />
    <ClCompile Include="FileReader.cpp" />
    <ClCompile Include="StatusCheck.cpp" />
    <ClCompile Include="ShapeGenerator.cpp">
      <Filter>Primitives</Filter>
    </ClCompile>
    <ClCompile Include="Camera.cpp" />
  </ItemGroup>
  <ItemGroup>
    <ClInclude Include="OpenGLWindow.h" />
    <ClInclude Include="FileReader.h" />
    <ClInclude Include="StatusCheck.h" />
    <ClInclude Include="Vertex.h">
      <Filter>Primitives</Filter>
    </ClInclude>
    <ClInclude Include="ShapeData.h">
      <Filter>Primitives</Filter>
    </ClInclude>
    <ClInclude Include="ShapeGenerator.h">
      <Filter>Primitives</Filter>
    </ClInclude>
    <ClInclude Include="Camera.h" />
  </ItemGroup>
  <ItemGroup>
    <None Include="VertexShader.glsl" />
    <None Include="FragmentShader.glsl" />
  </ItemGroup>
  <ItemGroup>
    <Filter Include="Primitives">
      <UniqueIdentifier>{2850c245-91c1-413d-b207-e161cc59b2aa}</UniqueIdentifier>
    </Filter>
  </ItemGroup>
</Project>